// !$*UTF8*$!
{
	archiveVersion = 1;
	classes = {
	};
	objectVersion = 48;
	objects = {

/* Begin PBXBuildFile section */
		391C8C181FF4CFE9008AC720 /* Song.swift in Sources */ = {isa = PBXBuildFile; fileRef = 391C8C171FF4CFE9008AC720 /* Song.swift */; };
		391C8C1A1FF4D34B008AC720 /* songInstance.swift in Sources */ = {isa = PBXBuildFile; fileRef = 391C8C191FF4D34B008AC720 /* songInstance.swift */; };
		391C8C1E1FF4D4CF008AC720 /* Constant.swift in Sources */ = {isa = PBXBuildFile; fileRef = 391C8C1D1FF4D4CF008AC720 /* Constant.swift */; };
		391C8C201FF4D7B4008AC720 /* Auth.swift in Sources */ = {isa = PBXBuildFile; fileRef = 391C8C1F1FF4D7B4008AC720 /* Auth.swift */; };
		391C8C221FF4E60B008AC720 /* SongViewModel.swift in Sources */ = {isa = PBXBuildFile; fileRef = 391C8C211FF4E60B008AC720 /* SongViewModel.swift */; };
		72FF139255B6AB767079631A /* Pods_MM_Karaoke.framework in Frameworks */ = {isa = PBXBuildFile; fileRef = 99418629F1B4679CC2B1409D /* Pods_MM_Karaoke.framework */; };
		F753DE6E1FEBFC51003AE861 /* AppDelegate.swift in Sources */ = {isa = PBXBuildFile; fileRef = F753DE6D1FEBFC51003AE861 /* AppDelegate.swift */; };
		F753DE701FEBFC51003AE861 /* ViewController.swift in Sources */ = {isa = PBXBuildFile; fileRef = F753DE6F1FEBFC51003AE861 /* ViewController.swift */; };
		F753DE731FEBFC51003AE861 /* Main.storyboard in Resources */ = {isa = PBXBuildFile; fileRef = F753DE711FEBFC51003AE861 /* Main.storyboard */; };
		F753DE751FEBFC51003AE861 /* Assets.xcassets in Resources */ = {isa = PBXBuildFile; fileRef = F753DE741FEBFC51003AE861 /* Assets.xcassets */; };
		F753DE781FEBFC51003AE861 /* LaunchScreen.storyboard in Resources */ = {isa = PBXBuildFile; fileRef = F753DE761FEBFC51003AE861 /* LaunchScreen.storyboard */; };
		F753DE801FEBFF65003AE861 /* SongTableViewCell.swift in Sources */ = {isa = PBXBuildFile; fileRef = F753DE7F1FEBFF65003AE861 /* SongTableViewCell.swift */; };
		F753DE821FEC05C9003AE861 /* RecodVC.swift in Sources */ = {isa = PBXBuildFile; fileRef = F753DE811FEC05C9003AE861 /* RecodVC.swift */; };
/* End PBXBuildFile section */

/* Begin PBXFileReference section */
		36C0C0CCCEA2DA3BC66259EE /* Pods-MM Karaoke.release.xcconfig */ = {isa = PBXFileReference; includeInIndex = 1; lastKnownFileType = text.xcconfig; name = "Pods-MM Karaoke.release.xcconfig"; path = "Pods/Target Support Files/Pods-MM Karaoke/Pods-MM Karaoke.release.xcconfig"; sourceTree = "<group>"; };
		391C8C171FF4CFE9008AC720 /* Song.swift */ = {isa = PBXFileReference; lastKnownFileType = sourcecode.swift; path = Song.swift; sourceTree = "<group>"; };
		391C8C191FF4D34B008AC720 /* songInstance.swift */ = {isa = PBXFileReference; lastKnownFileType = sourcecode.swift; path = songInstance.swift; sourceTree = "<group>"; };
		391C8C1D1FF4D4CF008AC720 /* Constant.swift */ = {isa = PBXFileReference; lastKnownFileType = sourcecode.swift; path = Constant.swift; sourceTree = "<group>"; };
		391C8C1F1FF4D7B4008AC720 /* Auth.swift */ = {isa = PBXFileReference; lastKnownFileType = sourcecode.swift; path = Auth.swift; sourceTree = "<group>"; };
		391C8C211FF4E60B008AC720 /* SongViewModel.swift */ = {isa = PBXFileReference; lastKnownFileType = sourcecode.swift; path = SongViewModel.swift; sourceTree = "<group>"; };
		99418629F1B4679CC2B1409D /* Pods_MM_Karaoke.framework */ = {isa = PBXFileReference; explicitFileType = wrapper.framework; includeInIndex = 0; path = Pods_MM_Karaoke.framework; sourceTree = BUILT_PRODUCTS_DIR; };
		EBF0BFF42FEB55E43CBCF84F /* Pods-MM Karaoke.debug.xcconfig */ = {isa = PBXFileReference; includeInIndex = 1; lastKnownFileType = text.xcconfig; name = "Pods-MM Karaoke.debug.xcconfig"; path = "Pods/Target Support Files/Pods-MM Karaoke/Pods-MM Karaoke.debug.xcconfig"; sourceTree = "<group>"; };
		F70F98E51FFE885E00205A45 /* en */ = {isa = PBXFileReference; lastKnownFileType = file.storyboard; name = en; path = en.lproj/Main.storyboard; sourceTree = "<group>"; };
		F753DE6A1FEBFC51003AE861 /* MM Karaoke.app */ = {isa = PBXFileReference; explicitFileType = wrapper.application; includeInIndex = 0; path = "MM Karaoke.app"; sourceTree = BUILT_PRODUCTS_DIR; };
		F753DE6D1FEBFC51003AE861 /* AppDelegate.swift */ = {isa = PBXFileReference; lastKnownFileType = sourcecode.swift; path = AppDelegate.swift; sourceTree = "<group>"; };
		F753DE6F1FEBFC51003AE861 /* ViewController.swift */ = {isa = PBXFileReference; lastKnownFileType = sourcecode.swift; path = ViewController.swift; sourceTree = "<group>"; };
		F753DE721FEBFC51003AE861 /* Base */ = {isa = PBXFileReference; lastKnownFileType = file.storyboard; name = Base; path = Base.lproj/Main.storyboard; sourceTree = "<group>"; };
		F753DE741FEBFC51003AE861 /* Assets.xcassets */ = {isa = PBXFileReference; lastKnownFileType = folder.assetcatalog; path = Assets.xcassets; sourceTree = "<group>"; };
		F753DE771FEBFC51003AE861 /* Base */ = {isa = PBXFileReference; lastKnownFileType = file.storyboard; name = Base; path = Base.lproj/LaunchScreen.storyboard; sourceTree = "<group>"; };
		F753DE791FEBFC51003AE861 /* Info.plist */ = {isa = PBXFileReference; lastKnownFileType = text.plist.xml; path = Info.plist; sourceTree = "<group>"; };
		F753DE7F1FEBFF65003AE861 /* SongTableViewCell.swift */ = {isa = PBXFileReference; lastKnownFileType = sourcecode.swift; path = SongTableViewCell.swift; sourceTree = "<group>"; };
		F753DE811FEC05C9003AE861 /* RecodVC.swift */ = {isa = PBXFileReference; lastKnownFileType = sourcecode.swift; path = RecodVC.swift; sourceTree = "<group>"; };
/* End PBXFileReference section */

/* Begin PBXFrameworksBuildPhase section */
		F753DE671FEBFC51003AE861 /* Frameworks */ = {
			isa = PBXFrameworksBuildPhase;
			buildActionMask = 2147483647;
			files = (
				72FF139255B6AB767079631A /* Pods_MM_Karaoke.framework in Frameworks */,
			);
			runOnlyForDeploymentPostprocessing = 0;
		};
/* End PBXFrameworksBuildPhase section */

/* Begin PBXGroup section */
		391C8C101FF4B00F008AC720 /* Models */ = {
			isa = PBXGroup;
			children = (
				391C8C171FF4CFE9008AC720 /* Song.swift */,
				391C8C191FF4D34B008AC720 /* songInstance.swift */,
				391C8C1F1FF4D7B4008AC720 /* Auth.swift */,
			);
			path = Models;
			sourceTree = "<group>";
		};
		391C8C121FF4B025008AC720 /* ViewModels */ = {
			isa = PBXGroup;
			children = (
				391C8C211FF4E60B008AC720 /* SongViewModel.swift */,
			);
			path = ViewModels;
			sourceTree = "<group>";
		};
		391C8C131FF4B036008AC720 /* Views */ = {
			isa = PBXGroup;
			children = (
				391C8C161FF4B116008AC720 /* Record */,
				391C8C151FF4B0F6008AC720 /* Home */,
				F753DE711FEBFC51003AE861 /* Main.storyboard */,
			);
			path = Views;
			sourceTree = "<group>";
		};
		391C8C141FF4B042008AC720 /* Supporter */ = {
			isa = PBXGroup;
			children = (
				F753DE741FEBFC51003AE861 /* Assets.xcassets */,
				F753DE761FEBFC51003AE861 /* LaunchScreen.storyboard */,
				F753DE6D1FEBFC51003AE861 /* AppDelegate.swift */,
				F753DE791FEBFC51003AE861 /* Info.plist */,
				391C8C1D1FF4D4CF008AC720 /* Constant.swift */,
			);
			path = Supporter;
			sourceTree = "<group>";
		};
		391C8C151FF4B0F6008AC720 /* Home */ = {
			isa = PBXGroup;
			children = (
				F753DE6F1FEBFC51003AE861 /* ViewController.swift */,
				F753DE7F1FEBFF65003AE861 /* SongTableViewCell.swift */,
			);
			path = Home;
			sourceTree = "<group>";
		};
		391C8C161FF4B116008AC720 /* Record */ = {
			isa = PBXGroup;
			children = (
				F753DE811FEC05C9003AE861 /* RecodVC.swift */,
			);
			path = Record;
			sourceTree = "<group>";
		};
		70A3A9894ED242F43D68B1CF /* Pods */ = {
			isa = PBXGroup;
			children = (
				EBF0BFF42FEB55E43CBCF84F /* Pods-MM Karaoke.debug.xcconfig */,
				36C0C0CCCEA2DA3BC66259EE /* Pods-MM Karaoke.release.xcconfig */,
			);
			name = Pods;
			sourceTree = "<group>";
		};
		80AF2BDC8271C5C417A0F376 /* Frameworks */ = {
			isa = PBXGroup;
			children = (
				99418629F1B4679CC2B1409D /* Pods_MM_Karaoke.framework */,
			);
			name = Frameworks;
			sourceTree = "<group>";
		};
		F753DE611FEBFC51003AE861 = {
			isa = PBXGroup;
			children = (
				F753DE6C1FEBFC51003AE861 /* MM Karaoke */,
				F753DE6B1FEBFC51003AE861 /* Products */,
				70A3A9894ED242F43D68B1CF /* Pods */,
				80AF2BDC8271C5C417A0F376 /* Frameworks */,
			);
			sourceTree = "<group>";
		};
		F753DE6B1FEBFC51003AE861 /* Products */ = {
			isa = PBXGroup;
			children = (
				F753DE6A1FEBFC51003AE861 /* MM Karaoke.app */,
			);
			name = Products;
			sourceTree = "<group>";
		};
		F753DE6C1FEBFC51003AE861 /* MM Karaoke */ = {
			isa = PBXGroup;
			children = (
				391C8C141FF4B042008AC720 /* Supporter */,
				391C8C131FF4B036008AC720 /* Views */,
				391C8C121FF4B025008AC720 /* ViewModels */,
				391C8C101FF4B00F008AC720 /* Models */,
			);
			path = "MM Karaoke";
			sourceTree = "<group>";
		};
/* End PBXGroup section */

/* Begin PBXNativeTarget section */
		F753DE691FEBFC51003AE861 /* MM Karaoke */ = {
			isa = PBXNativeTarget;
			buildConfigurationList = F753DE7C1FEBFC51003AE861 /* Build configuration list for PBXNativeTarget "MM Karaoke" */;
			buildPhases = (
				3A6D4779A1A04C74BFF145D1 /* [CP] Check Pods Manifest.lock */,
				F753DE661FEBFC51003AE861 /* Sources */,
				F753DE671FEBFC51003AE861 /* Frameworks */,
				F753DE681FEBFC51003AE861 /* Resources */,
				F6A25F5A008CC59464081043 /* [CP] Embed Pods Frameworks */,
				8F3BA17D3B5F9B6BBD7A1C01 /* [CP] Copy Pods Resources */,
			);
			buildRules = (
			);
			dependencies = (
			);
			name = "MM Karaoke";
			productName = "MM Karaoke";
			productReference = F753DE6A1FEBFC51003AE861 /* MM Karaoke.app */;
			productType = "com.apple.product-type.application";
		};
/* End PBXNativeTarget section */

/* Begin PBXProject section */
		F753DE621FEBFC51003AE861 /* Project object */ = {
			isa = PBXProject;
			attributes = {
				LastSwiftUpdateCheck = 0910;
				LastUpgradeCheck = 0910;
				ORGANIZATIONNAME = "Vansa Pha";
				TargetAttributes = {
					F753DE691FEBFC51003AE861 = {
						CreatedOnToolsVersion = 9.1;
						ProvisioningStyle = Automatic;
					};
				};
			};
			buildConfigurationList = F753DE651FEBFC51003AE861 /* Build configuration list for PBXProject "MM Karaoke" */;
			compatibilityVersion = "Xcode 8.0";
			developmentRegion = en;
			hasScannedForEncodings = 0;
			knownRegions = (
				en,
				Base,
			);
			mainGroup = F753DE611FEBFC51003AE861;
			productRefGroup = F753DE6B1FEBFC51003AE861 /* Products */;
			projectDirPath = "";
			projectRoot = "";
			targets = (
				F753DE691FEBFC51003AE861 /* MM Karaoke */,
			);
		};
/* End PBXProject section */

/* Begin PBXResourcesBuildPhase section */
		F753DE681FEBFC51003AE861 /* Resources */ = {
			isa = PBXResourcesBuildPhase;
			buildActionMask = 2147483647;
			files = (
				F753DE781FEBFC51003AE861 /* LaunchScreen.storyboard in Resources */,
				F753DE751FEBFC51003AE861 /* Assets.xcassets in Resources */,
				F753DE731FEBFC51003AE861 /* Main.storyboard in Resources */,
			);
			runOnlyForDeploymentPostprocessing = 0;
		};
/* End PBXResourcesBuildPhase section */

/* Begin PBXShellScriptBuildPhase section */
		3A6D4779A1A04C74BFF145D1 /* [CP] Check Pods Manifest.lock */ = {
			isa = PBXShellScriptBuildPhase;
			buildActionMask = 2147483647;
			files = (
			);
			inputPaths = (
			);
			name = "[CP] Check Pods Manifest.lock";
			outputPaths = (
			);
			runOnlyForDeploymentPostprocessing = 0;
			shellPath = /bin/sh;
			shellScript = "diff \"${PODS_ROOT}/../Podfile.lock\" \"${PODS_ROOT}/Manifest.lock\" > /dev/null\nif [ $? != 0 ] ; then\n    # print error to STDERR\n    echo \"error: The sandbox is not in sync with the Podfile.lock. Run 'pod install' or update your CocoaPods installation.\" >&2\n    exit 1\nfi\n";
			showEnvVarsInLog = 0;
		};
		8F3BA17D3B5F9B6BBD7A1C01 /* [CP] Copy Pods Resources */ = {
			isa = PBXShellScriptBuildPhase;
			buildActionMask = 2147483647;
			files = (
			);
			inputPaths = (
			);
			name = "[CP] Copy Pods Resources";
			outputPaths = (
			);
			runOnlyForDeploymentPostprocessing = 0;
			shellPath = /bin/sh;
			shellScript = "\"${SRCROOT}/Pods/Target Support Files/Pods-MM Karaoke/Pods-MM Karaoke-resources.sh\"\n";
			showEnvVarsInLog = 0;
		};
		F6A25F5A008CC59464081043 /* [CP] Embed Pods Frameworks */ = {
			isa = PBXShellScriptBuildPhase;
			buildActionMask = 2147483647;
			files = (
			);
			inputPaths = (
			);
			name = "[CP] Embed Pods Frameworks";
			outputPaths = (
			);
			runOnlyForDeploymentPostprocessing = 0;
			shellPath = /bin/sh;
			shellScript = "\"${SRCROOT}/Pods/Target Support Files/Pods-MM Karaoke/Pods-MM Karaoke-frameworks.sh\"\n";
			showEnvVarsInLog = 0;
		};
/* End PBXShellScriptBuildPhase section */

/* Begin PBXSourcesBuildPhase section */
		F753DE661FEBFC51003AE861 /* Sources */ = {
			isa = PBXSourcesBuildPhase;
			buildActionMask = 2147483647;
			files = (
				F753DE801FEBFF65003AE861 /* SongTableViewCell.swift in Sources */,
				F753DE701FEBFC51003AE861 /* ViewController.swift in Sources */,
				F753DE821FEC05C9003AE861 /* RecodVC.swift in Sources */,
				391C8C1E1FF4D4CF008AC720 /* Constant.swift in Sources */,
				F753DE6E1FEBFC51003AE861 /* AppDelegate.swift in Sources */,
				391C8C181FF4CFE9008AC720 /* Song.swift in Sources */,
				391C8C1A1FF4D34B008AC720 /* songInstance.swift in Sources */,
				391C8C201FF4D7B4008AC720 /* Auth.swift in Sources */,
				391C8C221FF4E60B008AC720 /* SongViewModel.swift in Sources */,
			);
			runOnlyForDeploymentPostprocessing = 0;
		};
/* End PBXSourcesBuildPhase section */

/* Begin PBXVariantGroup section */
		F753DE711FEBFC51003AE861 /* Main.storyboard */ = {
			isa = PBXVariantGroup;
			children = (
				F753DE721FEBFC51003AE861 /* Base */,
				F70F98E51FFE885E00205A45 /* en */,
			);
			name = Main.storyboard;
			sourceTree = "<group>";
		};
		F753DE761FEBFC51003AE861 /* LaunchScreen.storyboard */ = {
			isa = PBXVariantGroup;
			children = (
				F753DE771FEBFC51003AE861 /* Base */,
			);
			name = LaunchScreen.storyboard;
			sourceTree = "<group>";
		};
/* End PBXVariantGroup section */

/* Begin XCBuildConfiguration section */
		F753DE7A1FEBFC51003AE861 /* Debug */ = {
			isa = XCBuildConfiguration;
			buildSettings = {
				ALWAYS_SEARCH_USER_PATHS = NO;
				CLANG_ANALYZER_NONNULL = YES;
				CLANG_ANALYZER_NUMBER_OBJECT_CONVERSION = YES_AGGRESSIVE;
				CLANG_CXX_LANGUAGE_STANDARD = "gnu++14";
				CLANG_CXX_LIBRARY = "libc++";
				CLANG_ENABLE_MODULES = YES;
				CLANG_ENABLE_OBJC_ARC = YES;
				CLANG_WARN_BLOCK_CAPTURE_AUTORELEASING = YES;
				CLANG_WARN_BOOL_CONVERSION = YES;
				CLANG_WARN_COMMA = YES;
				CLANG_WARN_CONSTANT_CONVERSION = YES;
				CLANG_WARN_DIRECT_OBJC_ISA_USAGE = YES_ERROR;
				CLANG_WARN_DOCUMENTATION_COMMENTS = YES;
				CLANG_WARN_EMPTY_BODY = YES;
				CLANG_WARN_ENUM_CONVERSION = YES;
				CLANG_WARN_INFINITE_RECURSION = YES;
				CLANG_WARN_INT_CONVERSION = YES;
				CLANG_WARN_NON_LITERAL_NULL_CONVERSION = YES;
				CLANG_WARN_OBJC_LITERAL_CONVERSION = YES;
				CLANG_WARN_OBJC_ROOT_CLASS = YES_ERROR;
				CLANG_WARN_RANGE_LOOP_ANALYSIS = YES;
				CLANG_WARN_STRICT_PROTOTYPES = YES;
				CLANG_WARN_SUSPICIOUS_MOVE = YES;
				CLANG_WARN_UNGUARDED_AVAILABILITY = YES_AGGRESSIVE;
				CLANG_WARN_UNREACHABLE_CODE = YES;
				CLANG_WARN__DUPLICATE_METHOD_MATCH = YES;
				CODE_SIGN_IDENTITY = "iPhone Developer";
				COPY_PHASE_STRIP = NO;
				DEBUG_INFORMATION_FORMAT = dwarf;
				ENABLE_STRICT_OBJC_MSGSEND = YES;
				ENABLE_TESTABILITY = YES;
				GCC_C_LANGUAGE_STANDARD = gnu11;
				GCC_DYNAMIC_NO_PIC = NO;
				GCC_NO_COMMON_BLOCKS = YES;
				GCC_OPTIMIZATION_LEVEL = 0;
				GCC_PREPROCESSOR_DEFINITIONS = (
					"DEBUG=1",
					"$(inherited)",
				);
				GCC_WARN_64_TO_32_BIT_CONVERSION = YES;
				GCC_WARN_ABOUT_RETURN_TYPE = YES_ERROR;
				GCC_WARN_UNDECLARED_SELECTOR = YES;
				GCC_WARN_UNINITIALIZED_AUTOS = YES_AGGRESSIVE;
				GCC_WARN_UNUSED_FUNCTION = YES;
				GCC_WARN_UNUSED_VARIABLE = YES;
				IPHONEOS_DEPLOYMENT_TARGET = 11.1;
				MTL_ENABLE_DEBUG_INFO = YES;
				ONLY_ACTIVE_ARCH = YES;
				SDKROOT = iphoneos;
				SWIFT_ACTIVE_COMPILATION_CONDITIONS = DEBUG;
				SWIFT_OPTIMIZATION_LEVEL = "-Onone";
			};
			name = Debug;
		};
		F753DE7B1FEBFC51003AE861 /* Release */ = {
			isa = XCBuildConfiguration;
			buildSettings = {
				ALWAYS_SEARCH_USER_PATHS = NO;
				CLANG_ANALYZER_NONNULL = YES;
				CLANG_ANALYZER_NUMBER_OBJECT_CONVERSION = YES_AGGRESSIVE;
				CLANG_CXX_LANGUAGE_STANDARD = "gnu++14";
				CLANG_CXX_LIBRARY = "libc++";
				CLANG_ENABLE_MODULES = YES;
				CLANG_ENABLE_OBJC_ARC = YES;
				CLANG_WARN_BLOCK_CAPTURE_AUTORELEASING = YES;
				CLANG_WARN_BOOL_CONVERSION = YES;
				CLANG_WARN_COMMA = YES;
				CLANG_WARN_CONSTANT_CONVERSION = YES;
				CLANG_WARN_DIRECT_OBJC_ISA_USAGE = YES_ERROR;
				CLANG_WARN_DOCUMENTATION_COMMENTS = YES;
				CLANG_WARN_EMPTY_BODY = YES;
				CLANG_WARN_ENUM_CONVERSION = YES;
				CLANG_WARN_INFINITE_RECURSION = YES;
				CLANG_WARN_INT_CONVERSION = YES;
				CLANG_WARN_NON_LITERAL_NULL_CONVERSION = YES;
				CLANG_WARN_OBJC_LITERAL_CONVERSION = YES;
				CLANG_WARN_OBJC_ROOT_CLASS = YES_ERROR;
				CLANG_WARN_RANGE_LOOP_ANALYSIS = YES;
				CLANG_WARN_STRICT_PROTOTYPES = YES;
				CLANG_WARN_SUSPICIOUS_MOVE = YES;
				CLANG_WARN_UNGUARDED_AVAILABILITY = YES_AGGRESSIVE;
				CLANG_WARN_UNREACHABLE_CODE = YES;
				CLANG_WARN__DUPLICATE_METHOD_MATCH = YES;
				CODE_SIGN_IDENTITY = "iPhone Developer";
				COPY_PHASE_STRIP = NO;
				DEBUG_INFORMATION_FORMAT = "dwarf-with-dsym";
				ENABLE_NS_ASSERTIONS = NO;
				ENABLE_STRICT_OBJC_MSGSEND = YES;
				GCC_C_LANGUAGE_STANDARD = gnu11;
				GCC_NO_COMMON_BLOCKS = YES;
				GCC_WARN_64_TO_32_BIT_CONVERSION = YES;
				GCC_WARN_ABOUT_RETURN_TYPE = YES_ERROR;
				GCC_WARN_UNDECLARED_SELECTOR = YES;
				GCC_WARN_UNINITIALIZED_AUTOS = YES_AGGRESSIVE;
				GCC_WARN_UNUSED_FUNCTION = YES;
				GCC_WARN_UNUSED_VARIABLE = YES;
				IPHONEOS_DEPLOYMENT_TARGET = 11.1;
				MTL_ENABLE_DEBUG_INFO = NO;
				SDKROOT = iphoneos;
				SWIFT_OPTIMIZATION_LEVEL = "-Owholemodule";
				VALIDATE_PRODUCT = YES;
			};
			name = Release;
		};
		F753DE7D1FEBFC51003AE861 /* Debug */ = {
			isa = XCBuildConfiguration;
			baseConfigurationReference = EBF0BFF42FEB55E43CBCF84F /* Pods-MM Karaoke.debug.xcconfig */;
			buildSettings = {
				ASSETCATALOG_COMPILER_APPICON_NAME = AppIcon;
				CODE_SIGN_STYLE = Automatic;
				DEVELOPMENT_TEAM = PG98TTFS9P;
				INFOPLIST_FILE = "$(SRCROOT)/MM Karaoke/Supporter/Info.plist";
				IPHONEOS_DEPLOYMENT_TARGET = 10.0;
				LD_RUNPATH_SEARCH_PATHS = "$(inherited) @executable_path/Frameworks";
				PRODUCT_BUNDLE_IDENTIFIER = "com.vansapha.MM-Karaoke";
				PRODUCT_NAME = "$(TARGET_NAME)";
				SWIFT_VERSION = 4.0;
				TARGETED_DEVICE_FAMILY = "1,2";
			};
			name = Debug;
		};
		F753DE7E1FEBFC51003AE861 /* Release */ = {
			isa = XCBuildConfiguration;
			baseConfigurationReference = 36C0C0CCCEA2DA3BC66259EE /* Pods-MM Karaoke.release.xcconfig */;
			buildSettings = {
				ASSETCATALOG_COMPILER_APPICON_NAME = AppIcon;
				CODE_SIGN_STYLE = Automatic;
				DEVELOPMENT_TEAM = PG98TTFS9P;
				INFOPLIST_FILE = "$(SRCROOT)/MM Karaoke/Supporter/Info.plist";
				IPHONEOS_DEPLOYMENT_TARGET = 10.0;
				LD_RUNPATH_SEARCH_PATHS = "$(inherited) @executable_path/Frameworks";
				PRODUCT_BUNDLE_IDENTIFIER = "com.vansapha.MM-Karaoke";
				PRODUCT_NAME = "$(TARGET_NAME)";
				SWIFT_VERSION = 4.0;
				TARGETED_DEVICE_FAMILY = "1,2";
			};
			name = Release;
		};
/* End XCBuildConfiguration section */

/* Begin XCConfigurationList section */
		F753DE651FEBFC51003AE861 /* Build configuration list for PBXProject "MM Karaoke" */ = {
			isa = XCConfigurationList;
			buildConfigurations = (
				F753DE7A1FEBFC51003AE861 /* Debug */,
				F753DE7B1FEBFC51003AE861 /* Release */,
			);
			defaultConfigurationIsVisible = 0;
			defaultConfigurationName = Release;
		};
		F753DE7C1FEBFC51003AE861 /* Build configuration list for PBXNativeTarget "MM Karaoke" */ = {
			isa = XCConfigurationList;
			buildConfigurations = (
				F753DE7D1FEBFC51003AE861 /* Debug */,
				F753DE7E1FEBFC51003AE861 /* Release */,
			);
			defaultConfigurationIsVisible = 0;
			defaultConfigurationName = Release;
		};
/* End XCConfigurationList section */
	};
	rootObject = F753DE621FEBFC51003AE861 /* Project object */;
}
