// !$*UTF8*$!
{
	archiveVersion = 1;
	classes = {
	};
	objectVersion = 48;
	objects = {

/* Begin PBXBuildFile section */
		F753DE6E1FEBFC51003AE861 /* AppDelegate.swift in Sources */ = {isa = PBXBuildFile; fileRef = F753DE6D1FEBFC51003AE861 /* AppDelegate.swift */; };
		F753DE701FEBFC51003AE861 /* ViewController.swift in Sources */ = {isa = PBXBuildFile; fileRef = F753DE6F1FEBFC51003AE861 /* ViewController.swift */; };
		F753DE731FEBFC51003AE861 /* Main.storyboard in Resources */ = {isa = PBXBuildFile; fileRef = F753DE711FEBFC51003AE861 /* Main.storyboard */; };
		F753DE751FEBFC51003AE861 /* Assets.xcassets in Resources */ = {isa = PBXBuildFile; fileRef = F753DE741FEBFC51003AE861 /* Assets.xcassets */; };
		F753DE781FEBFC51003AE861 /* LaunchScreen.storyboard in Resources */ = {isa = PBXBuildFile; fileRef = F753DE761FEBFC51003AE861 /* LaunchScreen.storyboard */; };
		F753DE801FEBFF65003AE861 /* SongTableViewCell.swift in Sources */ = {isa = PBXBuildFile; fileRef = F753DE7F1FEBFF65003AE861 /* SongTableViewCell.swift */; };
		F753DE821FEC05C9003AE861 /* RecodVC.swift in Sources */ = {isa = PBXBuildFile; fileRef = F753DE811FEC05C9003AE861 /* RecodVC.swift */; };
/* End PBXBuildFile section */

/* Begin PBXFileReference section */
		F753DE6A1FEBFC51003AE861 /* MM Karaoke.app */ = {isa = PBXFileReference; explicitFileType = wrapper.application; includeInIndex = 0; path = "MM Karaoke.app"; sourceTree = BUILT_PRODUCTS_DIR; };
		F753DE6D1FEBFC51003AE861 /* AppDelegate.swift */ = {isa = PBXFileReference; lastKnownFileType = sourcecode.swift; path = AppDelegate.swift; sourceTree = "<group>"; };
		F753DE6F1FEBFC51003AE861 /* ViewController.swift */ = {isa = PBXFileReference; lastKnownFileType = sourcecode.swift; path = ViewController.swift; sourceTree = "<group>"; };
		F753DE721FEBFC51003AE861 /* Base */ = {isa = PBXFileReference; lastKnownFileType = file.storyboard; name = Base; path = Base.lproj/Main.storyboard; sourceTree = "<group>"; };
		F753DE741FEBFC51003AE861 /* Assets.xcassets */ = {isa = PBXFileReference; lastKnownFileType = folder.assetcatalog; path = Assets.xcassets; sourceTree = "<group>"; };
		F753DE771FEBFC51003AE861 /* Base */ = {isa = PBXFileReference; lastKnownFileType = file.storyboard; name = Base; path = Base.lproj/LaunchScreen.storyboard; sourceTree = "<group>"; };
		F753DE791FEBFC51003AE861 /* Info.plist */ = {isa = PBXFileReference; lastKnownFileType = text.plist.xml; path = Info.plist; sourceTree = "<group>"; };
		F753DE7F1FEBFF65003AE861 /* SongTableViewCell.swift */ = {isa = PBXFileReference; lastKnownFileType = sourcecode.swift; path = SongTableViewCell.swift; sourceTree = "<group>"; };
		F753DE811FEC05C9003AE861 /* RecodVC.swift */ = {isa = PBXFileReference; lastKnownFileType = sourcecode.swift; path = RecodVC.swift; sourceTree = "<group>"; };
/* End PBXFileReference section */

/* Begin PBXFrameworksBuildPhase section */
		F753DE671FEBFC51003AE861 /* Frameworks */ = {
			isa = PBXFrameworksBuildPhase;
			buildActionMask = 2147483647;
			files = (
			);
			runOnlyForDeploymentPostprocessing = 0;
		};
/* End PBXFrameworksBuildPhase section */

/* Begin PBXGroup section */
		F753DE611FEBFC51003AE861 = {
			isa = PBXGroup;
			children = (
				F753DE6C1FEBFC51003AE861 /* MM Karaoke */,
				F753DE6B1FEBFC51003AE861 /* Products */,
			);
			sourceTree = "<group>";
		};
		F753DE6B1FEBFC51003AE861 /* Products */ = {
			isa = PBXGroup;
			children = (
				F753DE6A1FEBFC51003AE861 /* MM Karaoke.app */,
			);
			name = Products;
			sourceTree = "<group>";
		};
		F753DE6C1FEBFC51003AE861 /* MM Karaoke */ = {
			isa = PBXGroup;
			children = (
				F753DE6D1FEBFC51003AE861 /* AppDelegate.swift */,
				F753DE6F1FEBFC51003AE861 /* ViewController.swift */,
				F753DE711FEBFC51003AE861 /* Main.storyboard */,
				F753DE741FEBFC51003AE861 /* Assets.xcassets */,
				F753DE761FEBFC51003AE861 /* LaunchScreen.storyboard */,
				F753DE791FEBFC51003AE861 /* Info.plist */,
				F753DE7F1FEBFF65003AE861 /* SongTableViewCell.swift */,
				F753DE811FEC05C9003AE861 /* RecodVC.swift */,
			);
			path = "MM Karaoke";
			sourceTree = "<group>";
		};
/* End PBXGroup section */

/* Begin PBXNativeTarget section */
		F753DE691FEBFC51003AE861 /* MM Karaoke */ = {
			isa = PBXNativeTarget;
			buildConfigurationList = F753DE7C1FEBFC51003AE861 /* Build configuration list for PBXNativeTarget "MM Karaoke" */;
			buildPhases = (
				F753DE661FEBFC51003AE861 /* Sources */,
				F753DE671FEBFC51003AE861 /* Frameworks */,
				F753DE681FEBFC51003AE861 /* Resources */,
			);
			buildRules = (
			);
			dependencies = (
			);
			name = "MM Karaoke";
			productName = "MM Karaoke";
			productReference = F753DE6A1FEBFC51003AE861 /* MM Karaoke.app */;
			productType = "com.apple.product-type.application";
		};
/* End PBXNativeTarget section */

/* Begin PBXProject section */
		F753DE621FEBFC51003AE861 /* Project object */ = {
			isa = PBXProject;
			attributes = {
				LastSwiftUpdateCheck = 0910;
				LastUpgradeCheck = 0910;
				ORGANIZATIONNAME = "Vansa Pha";
				TargetAttributes = {
					F753DE691FEBFC51003AE861 = {
						CreatedOnToolsVersion = 9.1;
						ProvisioningStyle = Automatic;
					};
				};
			};
			buildConfigurationList = F753DE651FEBFC51003AE861 /* Build configuration list for PBXProject "MM Karaoke" */;
			compatibilityVersion = "Xcode 8.0";
			developmentRegion = en;
			hasScannedForEncodings = 0;
			knownRegions = (
				en,
				Base,
			);
			mainGroup = F753DE611FEBFC51003AE861;
			productRefGroup = F753DE6B1FEBFC51003AE861 /* Products */;
			projectDirPath = "";
			projectRoot = "";
			targets = (
				F753DE691FEBFC51003AE861 /* MM Karaoke */,
			);
		};
/* End PBXProject section */

/* Begin PBXResourcesBuildPhase section */
		F753DE681FEBFC51003AE861 /* Resources */ = {
			isa = PBXResourcesBuildPhase;
			buildActionMask = 2147483647;
			files = (
				F753DE781FEBFC51003AE861 /* LaunchScreen.storyboard in Resources */,
				F753DE751FEBFC51003AE861 /* Assets.xcassets in Resources */,
				F753DE731FEBFC51003AE861 /* Main.storyboard in Resources */,
			);
			runOnlyForDeploymentPostprocessing = 0;
		};
/* End PBXResourcesBuildPhase section */

/* Begin PBXSourcesBuildPhase section */
		F753DE661FEBFC51003AE861 /* Sources */ = {
			isa = PBXSourcesBuildPhase;
			buildActionMask = 2147483647;
			files = (
				F753DE801FEBFF65003AE861 /* SongTableViewCell.swift in Sources */,
				F753DE701FEBFC51003AE861 /* ViewController.swift in Sources */,
				F753DE821FEC05C9003AE861 /* RecodVC.swift in Sources */,
				F753DE6E1FEBFC51003AE861 /* AppDelegate.swift in Sources */,
			);
			runOnlyForDeploymentPostprocessing = 0;
		};
/* End PBXSourcesBuildPhase section */

/* Begin PBXVariantGroup section */
		F753DE711FEBFC51003AE861 /* Main.storyboard */ = {
			isa = PBXVariantGroup;
			children = (
				F753DE721FEBFC51003AE861 /* Base */,
			);
			name = Main.storyboard;
			sourceTree = "<group>";
		};
		F753DE761FEBFC51003AE861 /* LaunchScreen.storyboard */ = {
			isa = PBXVariantGroup;
			children = (
				F753DE771FEBFC51003AE861 /* Base */,
			);
			name = LaunchScreen.storyboard;
			sourceTree = "<group>";
		};
/* End PBXVariantGroup section */

/* Begin XCBuildConfiguration section */
		F753DE7A1FEBFC51003AE861 /* Debug */ = {
			isa = XCBuildConfiguration;
			buildSettings = {
				ALWAYS_SEARCH_USER_PATHS = NO;
				CLANG_ANALYZER_NONNULL = YES;
				CLANG_ANALYZER_NUMBER_OBJECT_CONVERSION = YES_AGGRESSIVE;
				CLANG_CXX_LANGUAGE_STANDARD = "gnu++14";
				CLANG_CXX_LIBRARY = "libc++";
				CLANG_ENABLE_MODULES = YES;
				CLANG_ENABLE_OBJC_ARC = YES;
				CLANG_WARN_BLOCK_CAPTURE_AUTORELEASING = YES;
				CLANG_WARN_BOOL_CONVERSION = YES;
				CLANG_WARN_COMMA = YES;
				CLANG_WARN_CONSTANT_CONVERSION = YES;
				CLANG_WARN_DIRECT_OBJC_ISA_USAGE = YES_ERROR;
				CLANG_WARN_DOCUMENTATION_COMMENTS = YES;
				CLANG_WARN_EMPTY_BODY = YES;
				CLANG_WARN_ENUM_CONVERSION = YES;
				CLANG_WARN_INFINITE_RECURSION = YES;
				CLANG_WARN_INT_CONVERSION = YES;
				CLANG_WARN_NON_LITERAL_NULL_CONVERSION = YES;
				CLANG_WARN_OBJC_LITERAL_CONVERSION = YES;
				CLANG_WARN_OBJC_ROOT_CLASS = YES_ERROR;
				CLANG_WARN_RANGE_LOOP_ANALYSIS = YES;
				CLANG_WARN_STRICT_PROTOTYPES = YES;
				CLANG_WARN_SUSPICIOUS_MOVE = YES;
				CLANG_WARN_UNGUARDED_AVAILABILITY = YES_AGGRESSIVE;
				CLANG_WARN_UNREACHABLE_CODE = YES;
				CLANG_WARN__DUPLICATE_METHOD_MATCH = YES;
				CODE_SIGN_IDENTITY = "iPhone Developer";
				COPY_PHASE_STRIP = NO;
				DEBUG_INFORMATION_FORMAT = dwarf;
				ENABLE_STRICT_OBJC_MSGSEND = YES;
				ENABLE_TESTABILITY = YES;
				GCC_C_LANGUAGE_STANDARD = gnu11;
				GCC_DYNAMIC_NO_PIC = NO;
				GCC_NO_COMMON_BLOCKS = YES;
				GCC_OPTIMIZATION_LEVEL = 0;
				GCC_PREPROCESSOR_DEFINITIONS = (
					"DEBUG=1",
					"$(inherited)",
				);
				GCC_WARN_64_TO_32_BIT_CONVERSION = YES;
				GCC_WARN_ABOUT_RETURN_TYPE = YES_ERROR;
				GCC_WARN_UNDECLARED_SELECTOR = YES;
				GCC_WARN_UNINITIALIZED_AUTOS = YES_AGGRESSIVE;
				GCC_WARN_UNUSED_FUNCTION = YES;
				GCC_WARN_UNUSED_VARIABLE = YES;
				IPHONEOS_DEPLOYMENT_TARGET = 11.1;
				MTL_ENABLE_DEBUG_INFO = YES;
				ONLY_ACTIVE_ARCH = YES;
				SDKROOT = iphoneos;
				SWIFT_ACTIVE_COMPILATION_CONDITIONS = DEBUG;
				SWIFT_OPTIMIZATION_LEVEL = "-Onone";
			};
			name = Debug;
		};
		F753DE7B1FEBFC51003AE861 /* Release */ = {
			isa = XCBuildConfiguration;
			buildSettings = {
				ALWAYS_SEARCH_USER_PATHS = NO;
				CLANG_ANALYZER_NONNULL = YES;
				CLANG_ANALYZER_NUMBER_OBJECT_CONVERSION = YES_AGGRESSIVE;
				CLANG_CXX_LANGUAGE_STANDARD = "gnu++14";
				CLANG_CXX_LIBRARY = "libc++";
				CLANG_ENABLE_MODULES = YES;
				CLANG_ENABLE_OBJC_ARC = YES;
				CLANG_WARN_BLOCK_CAPTURE_AUTORELEASING = YES;
				CLANG_WARN_BOOL_CONVERSION = YES;
				CLANG_WARN_COMMA = YES;
				CLANG_WARN_CONSTANT_CONVERSION = YES;
				CLANG_WARN_DIRECT_OBJC_ISA_USAGE = YES_ERROR;
				CLANG_WARN_DOCUMENTATION_COMMENTS = YES;
				CLANG_WARN_EMPTY_BODY = YES;
				CLANG_WARN_ENUM_CONVERSION = YES;
				CLANG_WARN_INFINITE_RECURSION = YES;
				CLANG_WARN_INT_CONVERSION = YES;
				CLANG_WARN_NON_LITERAL_NULL_CONVERSION = YES;
				CLANG_WARN_OBJC_LITERAL_CONVERSION = YES;
				CLANG_WARN_OBJC_ROOT_CLASS = YES_ERROR;
				CLANG_WARN_RANGE_LOOP_ANALYSIS = YES;
				CLANG_WARN_STRICT_PROTOTYPES = YES;
				CLANG_WARN_SUSPICIOUS_MOVE = YES;
				CLANG_WARN_UNGUARDED_AVAILABILITY = YES_AGGRESSIVE;
				CLANG_WARN_UNREACHABLE_CODE = YES;
				CLANG_WARN__DUPLICATE_METHOD_MATCH = YES;
				CODE_SIGN_IDENTITY = "iPhone Developer";
				COPY_PHASE_STRIP = NO;
				DEBUG_INFORMATION_FORMAT = "dwarf-with-dsym";
				ENABLE_NS_ASSERTIONS = NO;
				ENABLE_STRICT_OBJC_MSGSEND = YES;
				GCC_C_LANGUAGE_STANDARD = gnu11;
				GCC_NO_COMMON_BLOCKS = YES;
				GCC_WARN_64_TO_32_BIT_CONVERSION = YES;
				GCC_WARN_ABOUT_RETURN_TYPE = YES_ERROR;
				GCC_WARN_UNDECLARED_SELECTOR = YES;
				GCC_WARN_UNINITIALIZED_AUTOS = YES_AGGRESSIVE;
				GCC_WARN_UNUSED_FUNCTION = YES;
				GCC_WARN_UNUSED_VARIABLE = YES;
				IPHONEOS_DEPLOYMENT_TARGET = 11.1;
				MTL_ENABLE_DEBUG_INFO = NO;
				SDKROOT = iphoneos;
				SWIFT_OPTIMIZATION_LEVEL = "-Owholemodule";
				VALIDATE_PRODUCT = YES;
			};
			name = Release;
		};
		F753DE7D1FEBFC51003AE861 /* Debug */ = {
			isa = XCBuildConfiguration;
			buildSettings = {
				ASSETCATALOG_COMPILER_APPICON_NAME = AppIcon;
				CODE_SIGN_STYLE = Automatic;
				DEVELOPMENT_TEAM = PG98TTFS9P;
				INFOPLIST_FILE = "MM Karaoke/Info.plist";
				IPHONEOS_DEPLOYMENT_TARGET = 10.0;
				LD_RUNPATH_SEARCH_PATHS = "$(inherited) @executable_path/Frameworks";
				PRODUCT_BUNDLE_IDENTIFIER = "com.vansapha.MM-Karaoke";
				PRODUCT_NAME = "$(TARGET_NAME)";
				SWIFT_VERSION = 4.0;
				TARGETED_DEVICE_FAMILY = "1,2";
			};
			name = Debug;
		};
		F753DE7E1FEBFC51003AE861 /* Release */ = {
			isa = XCBuildConfiguration;
			buildSettings = {
				ASSETCATALOG_COMPILER_APPICON_NAME = AppIcon;
				CODE_SIGN_STYLE = Automatic;
				DEVELOPMENT_TEAM = PG98TTFS9P;
				INFOPLIST_FILE = "MM Karaoke/Info.plist";
				IPHONEOS_DEPLOYMENT_TARGET = 10.0;
				LD_RUNPATH_SEARCH_PATHS = "$(inherited) @executable_path/Frameworks";
				PRODUCT_BUNDLE_IDENTIFIER = "com.vansapha.MM-Karaoke";
				PRODUCT_NAME = "$(TARGET_NAME)";
				SWIFT_VERSION = 4.0;
				TARGETED_DEVICE_FAMILY = "1,2";
			};
			name = Release;
		};
/* End XCBuildConfiguration section */

/* Begin XCConfigurationList section */
		F753DE651FEBFC51003AE861 /* Build configuration list for PBXProject "MM Karaoke" */ = {
			isa = XCConfigurationList;
			buildConfigurations = (
				F753DE7A1FEBFC51003AE861 /* Debug */,
				F753DE7B1FEBFC51003AE861 /* Release */,
			);
			defaultConfigurationIsVisible = 0;
			defaultConfigurationName = Release;
		};
		F753DE7C1FEBFC51003AE861 /* Build configuration list for PBXNativeTarget "MM Karaoke" */ = {
			isa = XCConfigurationList;
			buildConfigurations = (
				F753DE7D1FEBFC51003AE861 /* Debug */,
				F753DE7E1FEBFC51003AE861 /* Release */,
			);
			defaultConfigurationIsVisible = 0;
			defaultConfigurationName = Release;
		};
/* End XCConfigurationList section */
	};
	rootObject = F753DE621FEBFC51003AE861 /* Project object */;
}
